{
  "name": "smart-admin",
  "version": "0.1.0",
  "lockfileVersion": 1,
  "requires": true,
  "dependencies": {
    "pnpm": {
      "version": "8.6.12",
      "resolved": "https://registry.npmmirror.com/pnpm/-/pnpm-8.6.12.tgz",
      "integrity": "sha512-Eza4C5SO/Xl5IYozupbZ5NOA5leBRPYxmXmXfe7G4/4uCkRLhks84rB33aitxNZU/uMrnDGGjwrLktoKvPjqHA=="
    }
  }
}
